// !$*UTF8*$!
{
	archiveVersion = 1;
	classes = {
	};
	objectVersion = 50;
	objects = {

/* Begin PBXBuildFile section */
		835764C248F1441A25C05E87 /* Pods_DevComms.framework in Frameworks */ = {isa = PBXBuildFile; fileRef = F0D9A2C10E8AF0034EDD5CAC /* Pods_DevComms.framework */; };
		C45087422118A46100851E73 /* AppDelegate.swift in Sources */ = {isa = PBXBuildFile; fileRef = C45087412118A46100851E73 /* AppDelegate.swift */; };
		C45087442118A46100851E73 /* ViewController.swift in Sources */ = {isa = PBXBuildFile; fileRef = C45087432118A46100851E73 /* ViewController.swift */; };
		C45087472118A46100851E73 /* Main.storyboard in Resources */ = {isa = PBXBuildFile; fileRef = C45087452118A46100851E73 /* Main.storyboard */; };
		C45087492118A46200851E73 /* Assets.xcassets in Resources */ = {isa = PBXBuildFile; fileRef = C45087482118A46200851E73 /* Assets.xcassets */; };
		C450874C2118A46200851E73 /* LaunchScreen.storyboard in Resources */ = {isa = PBXBuildFile; fileRef = C450874A2118A46200851E73 /* LaunchScreen.storyboard */; };
/* End PBXBuildFile section */

/* Begin PBXFileReference section */
		025ED00A4CF712A169D1D40B /* Pods-DevComms.debug.xcconfig */ = {isa = PBXFileReference; includeInIndex = 1; lastKnownFileType = text.xcconfig; name = "Pods-DevComms.debug.xcconfig"; path = "Pods/Target Support Files/Pods-DevComms/Pods-DevComms.debug.xcconfig"; sourceTree = "<group>"; };
		22BC9AFA7D27BB61A2E8A90D /* Pods-DevComms.release.xcconfig */ = {isa = PBXFileReference; includeInIndex = 1; lastKnownFileType = text.xcconfig; name = "Pods-DevComms.release.xcconfig"; path = "Pods/Target Support Files/Pods-DevComms/Pods-DevComms.release.xcconfig"; sourceTree = "<group>"; };
		C450873E2118A46100851E73 /* DevComms.app */ = {isa = PBXFileReference; explicitFileType = wrapper.application; includeInIndex = 0; path = DevComms.app; sourceTree = BUILT_PRODUCTS_DIR; };
		C45087412118A46100851E73 /* AppDelegate.swift */ = {isa = PBXFileReference; lastKnownFileType = sourcecode.swift; path = AppDelegate.swift; sourceTree = "<group>"; };
		C45087432118A46100851E73 /* ViewController.swift */ = {isa = PBXFileReference; lastKnownFileType = sourcecode.swift; path = ViewController.swift; sourceTree = "<group>"; };
		C45087462118A46100851E73 /* Base */ = {isa = PBXFileReference; lastKnownFileType = file.storyboard; name = Base; path = Base.lproj/Main.storyboard; sourceTree = "<group>"; };
		C45087482118A46200851E73 /* Assets.xcassets */ = {isa = PBXFileReference; lastKnownFileType = folder.assetcatalog; path = Assets.xcassets; sourceTree = "<group>"; };
		C450874B2118A46200851E73 /* Base */ = {isa = PBXFileReference; lastKnownFileType = file.storyboard; name = Base; path = Base.lproj/LaunchScreen.storyboard; sourceTree = "<group>"; };
		C450874D2118A46200851E73 /* Info.plist */ = {isa = PBXFileReference; lastKnownFileType = text.plist.xml; path = Info.plist; sourceTree = "<group>"; };
		F0D9A2C10E8AF0034EDD5CAC /* Pods_DevComms.framework */ = {isa = PBXFileReference; explicitFileType = wrapper.framework; includeInIndex = 0; path = Pods_DevComms.framework; sourceTree = BUILT_PRODUCTS_DIR; };
/* End PBXFileReference section */

/* Begin PBXFrameworksBuildPhase section */
		C450873B2118A46100851E73 /* Frameworks */ = {
			isa = PBXFrameworksBuildPhase;
			buildActionMask = 2147483647;
			files = (
				835764C248F1441A25C05E87 /* Pods_DevComms.framework in Frameworks */,
			);
			runOnlyForDeploymentPostprocessing = 0;
		};
/* End PBXFrameworksBuildPhase section */

/* Begin PBXGroup section */
		791D8E92E22E56D870D8BBE9 /* Pods */ = {
			isa = PBXGroup;
			children = (
				025ED00A4CF712A169D1D40B /* Pods-DevComms.debug.xcconfig */,
				22BC9AFA7D27BB61A2E8A90D /* Pods-DevComms.release.xcconfig */,
			);
			name = Pods;
			sourceTree = "<group>";
		};
		AFE7206DE0E1CA413A9F4D1D /* Frameworks */ = {
			isa = PBXGroup;
			children = (
				F0D9A2C10E8AF0034EDD5CAC /* Pods_DevComms.framework */,
			);
			name = Frameworks;
			sourceTree = "<group>";
		};
		C45087352118A46100851E73 = {
			isa = PBXGroup;
			children = (
				C45087402118A46100851E73 /* DevComms */,
				C450873F2118A46100851E73 /* Products */,
				791D8E92E22E56D870D8BBE9 /* Pods */,
				AFE7206DE0E1CA413A9F4D1D /* Frameworks */,
			);
			sourceTree = "<group>";
		};
		C450873F2118A46100851E73 /* Products */ = {
			isa = PBXGroup;
			children = (
				C450873E2118A46100851E73 /* DevComms.app */,
			);
			name = Products;
			sourceTree = "<group>";
		};
		C45087402118A46100851E73 /* DevComms */ = {
			isa = PBXGroup;
			children = (
				C45087412118A46100851E73 /* AppDelegate.swift */,
				C45087432118A46100851E73 /* ViewController.swift */,
				C45087452118A46100851E73 /* Main.storyboard */,
				C45087482118A46200851E73 /* Assets.xcassets */,
				C450874A2118A46200851E73 /* LaunchScreen.storyboard */,
				C450874D2118A46200851E73 /* Info.plist */,
			);
			path = DevComms;
			sourceTree = "<group>";
		};
/* End PBXGroup section */

/* Begin PBXNativeTarget section */
		C450873D2118A46100851E73 /* DevComms */ = {
			isa = PBXNativeTarget;
			buildConfigurationList = C45087502118A46200851E73 /* Build configuration list for PBXNativeTarget "DevComms" */;
			buildPhases = (
				871DB269680DA0C93132D8FC /* [CP] Check Pods Manifest.lock */,
				C450873A2118A46100851E73 /* Sources */,
				C450873B2118A46100851E73 /* Frameworks */,
				C450873C2118A46100851E73 /* Resources */,
			);
			buildRules = (
			);
			dependencies = (
			);
			name = DevComms;
			productName = DevComms;
			productReference = C450873E2118A46100851E73 /* DevComms.app */;
			productType = "com.apple.product-type.application";
		};
/* End PBXNativeTarget section */

/* Begin PBXProject section */
		C45087362118A46100851E73 /* Project object */ = {
			isa = PBXProject;
			attributes = {
				LastSwiftUpdateCheck = 0940;
				LastUpgradeCheck = 0940;
				ORGANIZATIONNAME = DevCommsGdl;
				TargetAttributes = {
					C450873D2118A46100851E73 = {
						CreatedOnToolsVersion = 9.4.1;
					};
				};
			};
			buildConfigurationList = C45087392118A46100851E73 /* Build configuration list for PBXProject "DevComms" */;
			compatibilityVersion = "Xcode 9.3";
			developmentRegion = en;
			hasScannedForEncodings = 0;
			knownRegions = (
				en,
				Base,
			);
			mainGroup = C45087352118A46100851E73;
			productRefGroup = C450873F2118A46100851E73 /* Products */;
			projectDirPath = "";
			projectRoot = "";
			targets = (
				C450873D2118A46100851E73 /* DevComms */,
			);
		};
/* End PBXProject section */

/* Begin PBXResourcesBuildPhase section */
		C450873C2118A46100851E73 /* Resources */ = {
			isa = PBXResourcesBuildPhase;
			buildActionMask = 2147483647;
			files = (
				C450874C2118A46200851E73 /* LaunchScreen.storyboard in Resources */,
				C45087492118A46200851E73 /* Assets.xcassets in Resources */,
				C45087472118A46100851E73 /* Main.storyboard in Resources */,
			);
			runOnlyForDeploymentPostprocessing = 0;
		};
/* End PBXResourcesBuildPhase section */

/* Begin PBXShellScriptBuildPhase section */
		871DB269680DA0C93132D8FC /* [CP] Check Pods Manifest.lock */ = {
			isa = PBXShellScriptBuildPhase;
			buildActionMask = 2147483647;
			files = (
			);
			inputPaths = (
				"${PODS_PODFILE_DIR_PATH}/Podfile.lock",
				"${PODS_ROOT}/Manifest.lock",
			);
			name = "[CP] Check Pods Manifest.lock";
			outputPaths = (
				"$(DERIVED_FILE_DIR)/Pods-DevComms-checkManifestLockResult.txt",
			);
			runOnlyForDeploymentPostprocessing = 0;
			shellPath = /bin/sh;
			shellScript = "diff \"${PODS_PODFILE_DIR_PATH}/Podfile.lock\" \"${PODS_ROOT}/Manifest.lock\" > /dev/null\nif [ $? != 0 ] ; then\n    # print error to STDERR\n    echo \"error: The sandbox is not in sync with the Podfile.lock. Run 'pod install' or update your CocoaPods installation.\" >&2\n    exit 1\nfi\n# This output is used by Xcode 'outputs' to avoid re-running this script phase.\necho \"SUCCESS\" > \"${SCRIPT_OUTPUT_FILE_0}\"\n";
			showEnvVarsInLog = 0;
		};
/* End PBXShellScriptBuildPhase section */

/* Begin PBXSourcesBuildPhase section */
		C450873A2118A46100851E73 /* Sources */ = {
			isa = PBXSourcesBuildPhase;
			buildActionMask = 2147483647;
			files = (
				C45087442118A46100851E73 /* ViewController.swift in Sources */,
				C45087422118A46100851E73 /* AppDelegate.swift in Sources */,
			);
			runOnlyForDeploymentPostprocessing = 0;
		};
/* End PBXSourcesBuildPhase section */

/* Begin PBXVariantGroup section */
		C45087452118A46100851E73 /* Main.storyboard */ = {
			isa = PBXVariantGroup;
			children = (
				C45087462118A46100851E73 /* Base */,
			);
			name = Main.storyboard;
			sourceTree = "<group>";
		};
		C450874A2118A46200851E73 /* LaunchScreen.storyboard */ = {
			isa = PBXVariantGroup;
			children = (
				C450874B2118A46200851E73 /* Base */,
			);
			name = LaunchScreen.storyboard;
			sourceTree = "<group>";
		};
/* End PBXVariantGroup section */

/* Begin XCBuildConfiguration section */
		C450874E2118A46200851E73 /* Debug */ = {
			isa = XCBuildConfiguration;
			buildSettings = {
				ALWAYS_SEARCH_USER_PATHS = NO;
				CLANG_ANALYZER_NONNULL = YES;
				CLANG_ANALYZER_NUMBER_OBJECT_CONVERSION = YES_AGGRESSIVE;
				CLANG_CXX_LANGUAGE_STANDARD = "gnu++14";
				CLANG_CXX_LIBRARY = "libc++";
				CLANG_ENABLE_MODULES = YES;
				CLANG_ENABLE_OBJC_ARC = YES;
				CLANG_ENABLE_OBJC_WEAK = YES;
				CLANG_WARN_BLOCK_CAPTURE_AUTORELEASING = YES;
				CLANG_WARN_BOOL_CONVERSION = YES;
				CLANG_WARN_COMMA = YES;
				CLANG_WARN_CONSTANT_CONVERSION = YES;
				CLANG_WARN_DEPRECATED_OBJC_IMPLEMENTATIONS = YES;
				CLANG_WARN_DIRECT_OBJC_ISA_USAGE = YES_ERROR;
				CLANG_WARN_DOCUMENTATION_COMMENTS = YES;
				CLANG_WARN_EMPTY_BODY = YES;
				CLANG_WARN_ENUM_CONVERSION = YES;
				CLANG_WARN_INFINITE_RECURSION = YES;
				CLANG_WARN_INT_CONVERSION = YES;
				CLANG_WARN_NON_LITERAL_NULL_CONVERSION = YES;
				CLANG_WARN_OBJC_IMPLICIT_RETAIN_SELF = YES;
				CLANG_WARN_OBJC_LITERAL_CONVERSION = YES;
				CLANG_WARN_OBJC_ROOT_CLASS = YES_ERROR;
				CLANG_WARN_RANGE_LOOP_ANALYSIS = YES;
				CLANG_WARN_STRICT_PROTOTYPES = YES;
				CLANG_WARN_SUSPICIOUS_MOVE = YES;
				CLANG_WARN_UNGUARDED_AVAILABILITY = YES_AGGRESSIVE;
				CLANG_WARN_UNREACHABLE_CODE = YES;
				CLANG_WARN__DUPLICATE_METHOD_MATCH = YES;
				CODE_SIGN_IDENTITY = "iPhone Developer";
				COPY_PHASE_STRIP = NO;
				DEBUG_INFORMATION_FORMAT = dwarf;
				ENABLE_STRICT_OBJC_MSGSEND = YES;
				ENABLE_TESTABILITY = YES;
				GCC_C_LANGUAGE_STANDARD = gnu11;
				GCC_DYNAMIC_NO_PIC = NO;
				GCC_NO_COMMON_BLOCKS = YES;
				GCC_OPTIMIZATION_LEVEL = 0;
				GCC_PREPROCESSOR_DEFINITIONS = (
					"DEBUG=1",
					"$(inherited)",
				);
				GCC_WARN_64_TO_32_BIT_CONVERSION = YES;
				GCC_WARN_ABOUT_RETURN_TYPE = YES_ERROR;
				GCC_WARN_UNDECLARED_SELECTOR = YES;
				GCC_WARN_UNINITIALIZED_AUTOS = YES_AGGRESSIVE;
				GCC_WARN_UNUSED_FUNCTION = YES;
				GCC_WARN_UNUSED_VARIABLE = YES;
				IPHONEOS_DEPLOYMENT_TARGET = 11.4;
				MTL_ENABLE_DEBUG_INFO = YES;
				ONLY_ACTIVE_ARCH = YES;
				SDKROOT = iphoneos;
				SWIFT_ACTIVE_COMPILATION_CONDITIONS = DEBUG;
				SWIFT_OPTIMIZATION_LEVEL = "-Onone";
			};
			name = Debug;
		};
		C450874F2118A46200851E73 /* Release */ = {
			isa = XCBuildConfiguration;
			buildSettings = {
				ALWAYS_SEARCH_USER_PATHS = NO;
				CLANG_ANALYZER_NONNULL = YES;
				CLANG_ANALYZER_NUMBER_OBJECT_CONVERSION = YES_AGGRESSIVE;
				CLANG_CXX_LANGUAGE_STANDARD = "gnu++14";
				CLANG_CXX_LIBRARY = "libc++";
				CLANG_ENABLE_MODULES = YES;
				CLANG_ENABLE_OBJC_ARC = YES;
				CLANG_ENABLE_OBJC_WEAK = YES;
				CLANG_WARN_BLOCK_CAPTURE_AUTORELEASING = YES;
				CLANG_WARN_BOOL_CONVERSION = YES;
				CLANG_WARN_COMMA = YES;
				CLANG_WARN_CONSTANT_CONVERSION = YES;
				CLANG_WARN_DEPRECATED_OBJC_IMPLEMENTATIONS = YES;
				CLANG_WARN_DIRECT_OBJC_ISA_USAGE = YES_ERROR;
				CLANG_WARN_DOCUMENTATION_COMMENTS = YES;
				CLANG_WARN_EMPTY_BODY = YES;
				CLANG_WARN_ENUM_CONVERSION = YES;
				CLANG_WARN_INFINITE_RECURSION = YES;
				CLANG_WARN_INT_CONVERSION = YES;
				CLANG_WARN_NON_LITERAL_NULL_CONVERSION = YES;
				CLANG_WARN_OBJC_IMPLICIT_RETAIN_SELF = YES;
				CLANG_WARN_OBJC_LITERAL_CONVERSION = YES;
				CLANG_WARN_OBJC_ROOT_CLASS = YES_ERROR;
				CLANG_WARN_RANGE_LOOP_ANALYSIS = YES;
				CLANG_WARN_STRICT_PROTOTYPES = YES;
				CLANG_WARN_SUSPICIOUS_MOVE = YES;
				CLANG_WARN_UNGUARDED_AVAILABILITY = YES_AGGRESSIVE;
				CLANG_WARN_UNREACHABLE_CODE = YES;
				CLANG_WARN__DUPLICATE_METHOD_MATCH = YES;
				CODE_SIGN_IDENTITY = "iPhone Developer";
				COPY_PHASE_STRIP = NO;
				DEBUG_INFORMATION_FORMAT = "dwarf-with-dsym";
				ENABLE_NS_ASSERTIONS = NO;
				ENABLE_STRICT_OBJC_MSGSEND = YES;
				GCC_C_LANGUAGE_STANDARD = gnu11;
				GCC_NO_COMMON_BLOCKS = YES;
				GCC_WARN_64_TO_32_BIT_CONVERSION = YES;
				GCC_WARN_ABOUT_RETURN_TYPE = YES_ERROR;
				GCC_WARN_UNDECLARED_SELECTOR = YES;
				GCC_WARN_UNINITIALIZED_AUTOS = YES_AGGRESSIVE;
				GCC_WARN_UNUSED_FUNCTION = YES;
				GCC_WARN_UNUSED_VARIABLE = YES;
				IPHONEOS_DEPLOYMENT_TARGET = 11.4;
				MTL_ENABLE_DEBUG_INFO = NO;
				SDKROOT = iphoneos;
				SWIFT_COMPILATION_MODE = wholemodule;
				SWIFT_OPTIMIZATION_LEVEL = "-O";
				VALIDATE_PRODUCT = YES;
			};
			name = Release;
		};
		C45087512118A46200851E73 /* Debug */ = {
			isa = XCBuildConfiguration;
			baseConfigurationReference = 025ED00A4CF712A169D1D40B /* Pods-DevComms.debug.xcconfig */;
			buildSettings = {
				ASSETCATALOG_COMPILER_APPICON_NAME = AppIcon;
				CODE_SIGN_STYLE = Automatic;
				DEVELOPMENT_TEAM = 6297A6WK7N;
				INFOPLIST_FILE = DevComms/Info.plist;
				LD_RUNPATH_SEARCH_PATHS = (
					"$(inherited)",
					"@executable_path/Frameworks",
				);
				PRODUCT_BUNDLE_IDENTIFIER = com.devcomsgdl.DevComms;
				PRODUCT_NAME = "$(TARGET_NAME)";
				SWIFT_VERSION = 4.0;
				TARGETED_DEVICE_FAMILY = "1,2";
			};
			name = Debug;
		};
		C45087522118A46200851E73 /* Release */ = {
			isa = XCBuildConfiguration;
			baseConfigurationReference = 22BC9AFA7D27BB61A2E8A90D /* Pods-DevComms.release.xcconfig */;
			buildSettings = {
				ASSETCATALOG_COMPILER_APPICON_NAME = AppIcon;
				CODE_SIGN_STYLE = Automatic;
				DEVELOPMENT_TEAM = 6297A6WK7N;
				INFOPLIST_FILE = DevComms/Info.plist;
				LD_RUNPATH_SEARCH_PATHS = (
					"$(inherited)",
					"@executable_path/Frameworks",
				);
				PRODUCT_BUNDLE_IDENTIFIER = com.devcomsgdl.DevComms;
				PRODUCT_NAME = "$(TARGET_NAME)";
				SWIFT_VERSION = 4.0;
				TARGETED_DEVICE_FAMILY = "1,2";
			};
			name = Release;
		};
/* End XCBuildConfiguration section */

/* Begin XCConfigurationList section */
		C45087392118A46100851E73 /* Build configuration list for PBXProject "DevComms" */ = {
			isa = XCConfigurationList;
			buildConfigurations = (
				C450874E2118A46200851E73 /* Debug */,
				C450874F2118A46200851E73 /* Release */,
			);
			defaultConfigurationIsVisible = 0;
			defaultConfigurationName = Release;
		};
		C45087502118A46200851E73 /* Build configuration list for PBXNativeTarget "DevComms" */ = {
			isa = XCConfigurationList;
			buildConfigurations = (
				C45087512118A46200851E73 /* Debug */,
				C45087522118A46200851E73 /* Release */,
			);
			defaultConfigurationIsVisible = 0;
			defaultConfigurationName = Release;
		};
/* End XCConfigurationList section */
	};
	rootObject = C45087362118A46100851E73 /* Project object */;
}
